
Microsoft Visual Studio Solution File, Format Version 12.00
# Visual Studio Version 16
VisualStudioVersion = 16.0.31911.196
MinimumVisualStudioVersion = 10.0.40219.1
Project("{FAE04EC0-301F-11D3-BF4B-00C04F79EFBC}") = "Kolokvijum19", "Kolokvijum19\Kolokvijum19.csproj", "{D57B5AF4-753D-4CCD-AAB7-BA055534CCD6}"
EndProject
Global
	GlobalSection(SolutionConfigurationPlatforms) = preSolution
		Debug|Any CPU = Debug|Any CPU
		Release|Any CPU = Release|Any CPU
	EndGlobalSection
	GlobalSection(ProjectConfigurationPlatforms) = postSolution
		{D57B5AF4-753D-4CCD-AAB7-BA055534CCD6}.Debug|Any CPU.ActiveCfg = Debug|Any CPU
		{D57B5AF4-753D-4CCD-AAB7-BA055534CCD6}.Debug|Any CPU.Build.0 = Debug|Any CPU
		{D57B5AF4-753D-4CCD-AAB7-BA055534CCD6}.Release|Any CPU.ActiveCfg = Release|Any CPU
		{D57B5AF4-753D-4CCD-AAB7-BA055534CCD6}.Release|Any CPU.Build.0 = Release|Any CPU
	EndGlobalSection
	GlobalSection(SolutionProperties) = preSolution
		HideSolutionNode = FALSE
	EndGlobalSection
	GlobalSection(ExtensibilityGlobals) = postSolution
		SolutionGuid = {5C7CA2BD-EB96-479D-9B04-962A366A0D1D}
	EndGlobalSection
EndGlobal
